
Microsoft Visual Studio Solution File, Format Version 12.00
# Visual Studio Version 17
VisualStudioVersion = 17.10.35013.160
MinimumVisualStudioVersion = 10.0.40219.1
Project("{FAE04EC0-301F-11D3-BF4B-00C04F79EFBC}") = "WSConvertisseur", "WSConvertisseur\WSConvertisseur.csproj", "{BE1713C1-8237-463C-8A7A-0A6C71D2166B}"
EndProject
Global
	GlobalSection(SolutionConfigurationPlatforms) = preSolution
		Debug|Any CPU = Debug|Any CPU
		Release|Any CPU = Release|Any CPU
	EndGlobalSection
	GlobalSection(ProjectConfigurationPlatforms) = postSolution
		{BE1713C1-8237-463C-8A7A-0A6C71D2166B}.Debug|Any CPU.ActiveCfg = Debug|Any CPU
		{BE1713C1-8237-463C-8A7A-0A6C71D2166B}.Debug|Any CPU.Build.0 = Debug|Any CPU
		{BE1713C1-8237-463C-8A7A-0A6C71D2166B}.Release|Any CPU.ActiveCfg = Release|Any CPU
		{BE1713C1-8237-463C-8A7A-0A6C71D2166B}.Release|Any CPU.Build.0 = Release|Any CPU
	EndGlobalSection
	GlobalSection(SolutionProperties) = preSolution
		HideSolutionNode = FALSE
	EndGlobalSection
	GlobalSection(ExtensibilityGlobals) = postSolution
		SolutionGuid = {5CEE64CF-1DC3-48FF-9FF9-FA1BCD484748}
	EndGlobalSection
EndGlobal
